
Microsoft Visual Studio Solution File, Format Version 12.00
# Visual Studio Version 16
VisualStudioVersion = 16.0.29418.71
MinimumVisualStudioVersion = 10.0.40219.1
Project("{FAE04EC0-301F-11D3-BF4B-00C04F79EFBC}") = "server", "server\server.csproj", "{FA25FC1B-2DB4-4BC3-AB0D-DB0C2A552893}"
EndProject
Project("{F184B08F-C81C-45F6-A57F-5ABD9991F28F}") = "VBConsole", "VBConsole\VBConsole.vbproj", "{72248A4F-0EDC-4DC1-9959-B25596DAB09E}"
EndProject
Global
	GlobalSection(SolutionConfigurationPlatforms) = preSolution
		Debug|Any CPU = Debug|Any CPU
		Release|Any CPU = Release|Any CPU
	EndGlobalSection
	GlobalSection(ProjectConfigurationPlatforms) = postSolution
		{FA25FC1B-2DB4-4BC3-AB0D-DB0C2A552893}.Debug|Any CPU.ActiveCfg = Debug|Any CPU
		{FA25FC1B-2DB4-4BC3-AB0D-DB0C2A552893}.Debug|Any CPU.Build.0 = Debug|Any CPU
		{FA25FC1B-2DB4-4BC3-AB0D-DB0C2A552893}.Release|Any CPU.ActiveCfg = Release|Any CPU
		{FA25FC1B-2DB4-4BC3-AB0D-DB0C2A552893}.Release|Any CPU.Build.0 = Release|Any CPU
		{72248A4F-0EDC-4DC1-9959-B25596DAB09E}.Debug|Any CPU.ActiveCfg = Debug|Any CPU
		{72248A4F-0EDC-4DC1-9959-B25596DAB09E}.Debug|Any CPU.Build.0 = Debug|Any CPU
		{72248A4F-0EDC-4DC1-9959-B25596DAB09E}.Release|Any CPU.ActiveCfg = Release|Any CPU
		{72248A4F-0EDC-4DC1-9959-B25596DAB09E}.Release|Any CPU.Build.0 = Release|Any CPU
	EndGlobalSection
	GlobalSection(SolutionProperties) = preSolution
		HideSolutionNode = FALSE
	EndGlobalSection
	GlobalSection(ExtensibilityGlobals) = postSolution
		SolutionGuid = {9F16EA9B-5F1B-4868-BD80-D21550CC8C06}
	EndGlobalSection
	GlobalSection(MonoDevelopProperties) = preSolution
		Policies = $0
		$0.TextStylePolicy = $4
		$1.FileWidth = 80
		$1.TabWidth = 3
		$1.IndentWidth = 3
		$1.scope = text/x-csharp
		$0.CSharpFormattingPolicy = $2
		$2.scope = text/x-csharp
		$3.FileWidth = 80
		$3.TabsToSpaces = True
		$3.scope = text/plain
		$4.inheritsSet = null
		$4.scope = application/config+xml
		$0.XmlFormattingPolicy = $5
		$5.inheritsSet = null
		$5.scope = application/config+xml
	EndGlobalSection
EndGlobal
